
Microsoft Visual Studio Solution File, Format Version 12.00
# Visual Studio 15
VisualStudioVersion = 15.0.27703.2000
MinimumVisualStudioVersion = 10.0.40219.1
Project("{FAE04EC0-301F-11D3-BF4B-00C04F79EFBC}") = "CSharpAndDotNet", "CSharpAndDotNet\CSharpAndDotNet.csproj", "{0EBDB75C-1F88-4361-B200-C56A596DA3EB}"
EndProject
Global
	GlobalSection(SolutionConfigurationPlatforms) = preSolution
		Debug|Any CPU = Debug|Any CPU
		Release|Any CPU = Release|Any CPU
	EndGlobalSection
	GlobalSection(ProjectConfigurationPlatforms) = postSolution
		{0EBDB75C-1F88-4361-B200-C56A596DA3EB}.Debug|Any CPU.ActiveCfg = Debug|Any CPU
		{0EBDB75C-1F88-4361-B200-C56A596DA3EB}.Debug|Any CPU.Build.0 = Debug|Any CPU
		{0EBDB75C-1F88-4361-B200-C56A596DA3EB}.Release|Any CPU.ActiveCfg = Release|Any CPU
		{0EBDB75C-1F88-4361-B200-C56A596DA3EB}.Release|Any CPU.Build.0 = Release|Any CPU
	EndGlobalSection
	GlobalSection(SolutionProperties) = preSolution
		HideSolutionNode = FALSE
	EndGlobalSection
	GlobalSection(ExtensibilityGlobals) = postSolution
		SolutionGuid = {CFE79112-D942-42FE-8627-26E85FD7F45A}
	EndGlobalSection
EndGlobal
